// !$*UTF8*$!
{
	archiveVersion = 1;
	classes = {
	};
	objectVersion = 56;
	objects = {

/* Begin PBXBuildFile section */
		573A0F2B2926AB6600C36BFC /* QuestionService.swift in Sources */ = {isa = PBXBuildFile; fileRef = 573A0F2A2926AB6600C36BFC /* QuestionService.swift */; };
		573A0F2D292FA70200C36BFC /* EmptyView.swift in Sources */ = {isa = PBXBuildFile; fileRef = 573A0F2C292FA70200C36BFC /* EmptyView.swift */; };
		573A0F2F292FA76900C36BFC /* ErrorView.swift in Sources */ = {isa = PBXBuildFile; fileRef = 573A0F2E292FA76900C36BFC /* ErrorView.swift */; };
		573A0F34292FABF800C36BFC /* RetryButtonView.swift in Sources */ = {isa = PBXBuildFile; fileRef = 573A0F33292FABF800C36BFC /* RetryButtonView.swift */; };
		5745C34A28FB443900686918 /* VotingApp.swift in Sources */ = {isa = PBXBuildFile; fileRef = 5745C34928FB443900686918 /* VotingApp.swift */; };
		5745C34E28FB443A00686918 /* Assets.xcassets in Resources */ = {isa = PBXBuildFile; fileRef = 5745C34D28FB443A00686918 /* Assets.xcassets */; };
		5745C35128FB443A00686918 /* Preview Assets.xcassets in Resources */ = {isa = PBXBuildFile; fileRef = 5745C35028FB443A00686918 /* Preview Assets.xcassets */; };
		5745C35828FB459000686918 /* MainScreen.swift in Sources */ = {isa = PBXBuildFile; fileRef = 5745C35728FB459000686918 /* MainScreen.swift */; };
		5745C35C28FB463E00686918 /* Question.swift in Sources */ = {isa = PBXBuildFile; fileRef = 5745C35B28FB463E00686918 /* Question.swift */; };
		5745C35E28FB4A3000686918 /* Vote.swift in Sources */ = {isa = PBXBuildFile; fileRef = 5745C35D28FB4A3000686918 /* Vote.swift */; };
		5745C36028FB575900686918 /* QuestionDetailView.swift in Sources */ = {isa = PBXBuildFile; fileRef = 5745C35F28FB575900686918 /* QuestionDetailView.swift */; };
		57CA8CDD28FC79D2005B7FB6 /* QuestionsViewModel.swift in Sources */ = {isa = PBXBuildFile; fileRef = 57CA8CDC28FC79D2005B7FB6 /* QuestionsViewModel.swift */; };
		57CA8CDF28FC7ADC005B7FB6 /* QuestionAndVote.swift in Sources */ = {isa = PBXBuildFile; fileRef = 57CA8CDE28FC7ADC005B7FB6 /* QuestionAndVote.swift */; };
/* End PBXBuildFile section */

/* Begin PBXFileReference section */
		573A0F2A2926AB6600C36BFC /* QuestionService.swift */ = {isa = PBXFileReference; lastKnownFileType = sourcecode.swift; path = QuestionService.swift; sourceTree = "<group>"; };
		573A0F2C292FA70200C36BFC /* EmptyView.swift */ = {isa = PBXFileReference; lastKnownFileType = sourcecode.swift; path = EmptyView.swift; sourceTree = "<group>"; };
		573A0F2E292FA76900C36BFC /* ErrorView.swift */ = {isa = PBXFileReference; lastKnownFileType = sourcecode.swift; path = ErrorView.swift; sourceTree = "<group>"; };
		573A0F33292FABF800C36BFC /* RetryButtonView.swift */ = {isa = PBXFileReference; lastKnownFileType = sourcecode.swift; path = RetryButtonView.swift; sourceTree = "<group>"; };
		5745C34628FB443900686918 /* Voting.app */ = {isa = PBXFileReference; explicitFileType = wrapper.application; includeInIndex = 0; path = Voting.app; sourceTree = BUILT_PRODUCTS_DIR; };
		5745C34928FB443900686918 /* VotingApp.swift */ = {isa = PBXFileReference; lastKnownFileType = sourcecode.swift; path = VotingApp.swift; sourceTree = "<group>"; };
		5745C34D28FB443A00686918 /* Assets.xcassets */ = {isa = PBXFileReference; lastKnownFileType = folder.assetcatalog; path = Assets.xcassets; sourceTree = "<group>"; };
		5745C35028FB443A00686918 /* Preview Assets.xcassets */ = {isa = PBXFileReference; lastKnownFileType = folder.assetcatalog; path = "Preview Assets.xcassets"; sourceTree = "<group>"; };
		5745C35728FB459000686918 /* MainScreen.swift */ = {isa = PBXFileReference; lastKnownFileType = sourcecode.swift; path = MainScreen.swift; sourceTree = "<group>"; };
		5745C35B28FB463E00686918 /* Question.swift */ = {isa = PBXFileReference; lastKnownFileType = sourcecode.swift; path = Question.swift; sourceTree = "<group>"; };
		5745C35D28FB4A3000686918 /* Vote.swift */ = {isa = PBXFileReference; lastKnownFileType = sourcecode.swift; path = Vote.swift; sourceTree = "<group>"; };
		5745C35F28FB575900686918 /* QuestionDetailView.swift */ = {isa = PBXFileReference; lastKnownFileType = sourcecode.swift; path = QuestionDetailView.swift; sourceTree = "<group>"; };
		57CA8CDC28FC79D2005B7FB6 /* QuestionsViewModel.swift */ = {isa = PBXFileReference; lastKnownFileType = sourcecode.swift; path = QuestionsViewModel.swift; sourceTree = "<group>"; };
		57CA8CDE28FC7ADC005B7FB6 /* QuestionAndVote.swift */ = {isa = PBXFileReference; lastKnownFileType = sourcecode.swift; path = QuestionAndVote.swift; sourceTree = "<group>"; };
/* End PBXFileReference section */

/* Begin PBXFrameworksBuildPhase section */
		5745C34328FB443900686918 /* Frameworks */ = {
			isa = PBXFrameworksBuildPhase;
			buildActionMask = 2147483647;
			files = (
			);
			runOnlyForDeploymentPostprocessing = 0;
		};
/* End PBXFrameworksBuildPhase section */

/* Begin PBXGroup section */
		573A0F292926AB4F00C36BFC /* Services */ = {
			isa = PBXGroup;
			children = (
				573A0F2A2926AB6600C36BFC /* QuestionService.swift */,
			);
			path = Services;
			sourceTree = "<group>";
		};
		573A0F30292FA8AD00C36BFC /* MainScreen */ = {
			isa = PBXGroup;
			children = (
				5745C35F28FB575900686918 /* QuestionDetailView.swift */,
				5745C35728FB459000686918 /* MainScreen.swift */,
			);
			path = MainScreen;
			sourceTree = "<group>";
		};
		573A0F31292FA8B700C36BFC /* ErrorView */ = {
			isa = PBXGroup;
			children = (
				573A0F2E292FA76900C36BFC /* ErrorView.swift */,
				573A0F33292FABF800C36BFC /* RetryButtonView.swift */,
			);
			path = ErrorView;
			sourceTree = "<group>";
		};
		573A0F32292FA8C300C36BFC /* EmptyView */ = {
			isa = PBXGroup;
			children = (
				573A0F2C292FA70200C36BFC /* EmptyView.swift */,
			);
			path = EmptyView;
			sourceTree = "<group>";
		};
		5745C33D28FB443900686918 = {
			isa = PBXGroup;
			children = (
				5745C34828FB443900686918 /* Voting */,
				5745C34728FB443900686918 /* Products */,
			);
			sourceTree = "<group>";
		};
		5745C34728FB443900686918 /* Products */ = {
			isa = PBXGroup;
			children = (
				5745C34628FB443900686918 /* Voting.app */,
			);
			name = Products;
			sourceTree = "<group>";
		};
		5745C34828FB443900686918 /* Voting */ = {
			isa = PBXGroup;
			children = (
				573A0F292926AB4F00C36BFC /* Services */,
				57CA8CDB28FC79B6005B7FB6 /* ViewModels */,
				5745C35A28FB45FD00686918 /* Models */,
				5745C35928FB45F800686918 /* Views */,
				5745C34928FB443900686918 /* VotingApp.swift */,
				5745C34D28FB443A00686918 /* Assets.xcassets */,
				5745C34F28FB443A00686918 /* Preview Content */,
			);
			path = Voting;
			sourceTree = "<group>";
		};
		5745C34F28FB443A00686918 /* Preview Content */ = {
			isa = PBXGroup;
			children = (
				5745C35028FB443A00686918 /* Preview Assets.xcassets */,
			);
			path = "Preview Content";
			sourceTree = "<group>";
		};
		5745C35928FB45F800686918 /* Views */ = {
			isa = PBXGroup;
			children = (
				573A0F32292FA8C300C36BFC /* EmptyView */,
				573A0F31292FA8B700C36BFC /* ErrorView */,
				573A0F30292FA8AD00C36BFC /* MainScreen */,
			);
			path = Views;
			sourceTree = "<group>";
		};
		5745C35A28FB45FD00686918 /* Models */ = {
			isa = PBXGroup;
			children = (
				5745C35B28FB463E00686918 /* Question.swift */,
				5745C35D28FB4A3000686918 /* Vote.swift */,
				57CA8CDE28FC7ADC005B7FB6 /* QuestionAndVote.swift */,
			);
			path = Models;
			sourceTree = "<group>";
		};
		57CA8CDB28FC79B6005B7FB6 /* ViewModels */ = {
			isa = PBXGroup;
			children = (
				57CA8CDC28FC79D2005B7FB6 /* QuestionsViewModel.swift */,
			);
			path = ViewModels;
			sourceTree = "<group>";
		};
/* End PBXGroup section */

/* Begin PBXNativeTarget section */
		5745C34528FB443900686918 /* Voting */ = {
			isa = PBXNativeTarget;
			buildConfigurationList = 5745C35428FB443A00686918 /* Build configuration list for PBXNativeTarget "Voting" */;
			buildPhases = (
				5745C34228FB443900686918 /* Sources */,
				5745C34328FB443900686918 /* Frameworks */,
				5745C34428FB443900686918 /* Resources */,
			);
			buildRules = (
			);
			dependencies = (
			);
			name = Voting;
			productName = Voting;
			productReference = 5745C34628FB443900686918 /* Voting.app */;
			productType = "com.apple.product-type.application";
		};
/* End PBXNativeTarget section */

/* Begin PBXProject section */
		5745C33E28FB443900686918 /* Project object */ = {
			isa = PBXProject;
			attributes = {
				BuildIndependentTargetsInParallel = 1;
				LastSwiftUpdateCheck = 1400;
				LastUpgradeCheck = 1400;
				TargetAttributes = {
					5745C34528FB443900686918 = {
						CreatedOnToolsVersion = 14.0.1;
					};
				};
			};
			buildConfigurationList = 5745C34128FB443900686918 /* Build configuration list for PBXProject "Voting" */;
			compatibilityVersion = "Xcode 14.0";
			developmentRegion = en;
			hasScannedForEncodings = 0;
			knownRegions = (
				en,
				Base,
			);
			mainGroup = 5745C33D28FB443900686918;
			productRefGroup = 5745C34728FB443900686918 /* Products */;
			projectDirPath = "";
			projectRoot = "";
			targets = (
				5745C34528FB443900686918 /* Voting */,
			);
		};
/* End PBXProject section */

/* Begin PBXResourcesBuildPhase section */
		5745C34428FB443900686918 /* Resources */ = {
			isa = PBXResourcesBuildPhase;
			buildActionMask = 2147483647;
			files = (
				5745C35128FB443A00686918 /* Preview Assets.xcassets in Resources */,
				5745C34E28FB443A00686918 /* Assets.xcassets in Resources */,
			);
			runOnlyForDeploymentPostprocessing = 0;
		};
/* End PBXResourcesBuildPhase section */

/* Begin PBXSourcesBuildPhase section */
		5745C34228FB443900686918 /* Sources */ = {
			isa = PBXSourcesBuildPhase;
			buildActionMask = 2147483647;
			files = (
				57CA8CDF28FC7ADC005B7FB6 /* QuestionAndVote.swift in Sources */,
				5745C35C28FB463E00686918 /* Question.swift in Sources */,
				5745C35828FB459000686918 /* MainScreen.swift in Sources */,
				57CA8CDD28FC79D2005B7FB6 /* QuestionsViewModel.swift in Sources */,
				5745C34A28FB443900686918 /* VotingApp.swift in Sources */,
				573A0F2D292FA70200C36BFC /* EmptyView.swift in Sources */,
				573A0F34292FABF800C36BFC /* RetryButtonView.swift in Sources */,
				573A0F2B2926AB6600C36BFC /* QuestionService.swift in Sources */,
				5745C35E28FB4A3000686918 /* Vote.swift in Sources */,
				5745C36028FB575900686918 /* QuestionDetailView.swift in Sources */,
				573A0F2F292FA76900C36BFC /* ErrorView.swift in Sources */,
			);
			runOnlyForDeploymentPostprocessing = 0;
		};
/* End PBXSourcesBuildPhase section */

/* Begin XCBuildConfiguration section */
		5745C35228FB443A00686918 /* Debug */ = {
			isa = XCBuildConfiguration;
			buildSettings = {
				ALWAYS_SEARCH_USER_PATHS = NO;
				CLANG_ANALYZER_NONNULL = YES;
				CLANG_ANALYZER_NUMBER_OBJECT_CONVERSION = YES_AGGRESSIVE;
				CLANG_CXX_LANGUAGE_STANDARD = "gnu++20";
				CLANG_ENABLE_MODULES = YES;
				CLANG_ENABLE_OBJC_ARC = YES;
				CLANG_ENABLE_OBJC_WEAK = YES;
				CLANG_WARN_BLOCK_CAPTURE_AUTORELEASING = YES;
				CLANG_WARN_BOOL_CONVERSION = YES;
				CLANG_WARN_COMMA = YES;
				CLANG_WARN_CONSTANT_CONVERSION = YES;
				CLANG_WARN_DEPRECATED_OBJC_IMPLEMENTATIONS = YES;
				CLANG_WARN_DIRECT_OBJC_ISA_USAGE = YES_ERROR;
				CLANG_WARN_DOCUMENTATION_COMMENTS = YES;
				CLANG_WARN_EMPTY_BODY = YES;
				CLANG_WARN_ENUM_CONVERSION = YES;
				CLANG_WARN_INFINITE_RECURSION = YES;
				CLANG_WARN_INT_CONVERSION = YES;
				CLANG_WARN_NON_LITERAL_NULL_CONVERSION = YES;
				CLANG_WARN_OBJC_IMPLICIT_RETAIN_SELF = YES;
				CLANG_WARN_OBJC_LITERAL_CONVERSION = YES;
				CLANG_WARN_OBJC_ROOT_CLASS = YES_ERROR;
				CLANG_WARN_QUOTED_INCLUDE_IN_FRAMEWORK_HEADER = YES;
				CLANG_WARN_RANGE_LOOP_ANALYSIS = YES;
				CLANG_WARN_STRICT_PROTOTYPES = YES;
				CLANG_WARN_SUSPICIOUS_MOVE = YES;
				CLANG_WARN_UNGUARDED_AVAILABILITY = YES_AGGRESSIVE;
				CLANG_WARN_UNREACHABLE_CODE = YES;
				CLANG_WARN__DUPLICATE_METHOD_MATCH = YES;
				COPY_PHASE_STRIP = NO;
				DEBUG_INFORMATION_FORMAT = dwarf;
				ENABLE_STRICT_OBJC_MSGSEND = YES;
				ENABLE_TESTABILITY = YES;
				GCC_C_LANGUAGE_STANDARD = gnu11;
				GCC_DYNAMIC_NO_PIC = NO;
				GCC_NO_COMMON_BLOCKS = YES;
				GCC_OPTIMIZATION_LEVEL = 0;
				GCC_PREPROCESSOR_DEFINITIONS = (
					"DEBUG=1",
					"$(inherited)",
				);
				GCC_WARN_64_TO_32_BIT_CONVERSION = YES;
				GCC_WARN_ABOUT_RETURN_TYPE = YES_ERROR;
				GCC_WARN_UNDECLARED_SELECTOR = YES;
				GCC_WARN_UNINITIALIZED_AUTOS = YES_AGGRESSIVE;
				GCC_WARN_UNUSED_FUNCTION = YES;
				GCC_WARN_UNUSED_VARIABLE = YES;
				IPHONEOS_DEPLOYMENT_TARGET = 16.0;
				MTL_ENABLE_DEBUG_INFO = INCLUDE_SOURCE;
				MTL_FAST_MATH = YES;
				ONLY_ACTIVE_ARCH = YES;
				SDKROOT = iphoneos;
				SWIFT_ACTIVE_COMPILATION_CONDITIONS = DEBUG;
				SWIFT_OPTIMIZATION_LEVEL = "-Onone";
			};
			name = Debug;
		};
		5745C35328FB443A00686918 /* Release */ = {
			isa = XCBuildConfiguration;
			buildSettings = {
				ALWAYS_SEARCH_USER_PATHS = NO;
				CLANG_ANALYZER_NONNULL = YES;
				CLANG_ANALYZER_NUMBER_OBJECT_CONVERSION = YES_AGGRESSIVE;
				CLANG_CXX_LANGUAGE_STANDARD = "gnu++20";
				CLANG_ENABLE_MODULES = YES;
				CLANG_ENABLE_OBJC_ARC = YES;
				CLANG_ENABLE_OBJC_WEAK = YES;
				CLANG_WARN_BLOCK_CAPTURE_AUTORELEASING = YES;
				CLANG_WARN_BOOL_CONVERSION = YES;
				CLANG_WARN_COMMA = YES;
				CLANG_WARN_CONSTANT_CONVERSION = YES;
				CLANG_WARN_DEPRECATED_OBJC_IMPLEMENTATIONS = YES;
				CLANG_WARN_DIRECT_OBJC_ISA_USAGE = YES_ERROR;
				CLANG_WARN_DOCUMENTATION_COMMENTS = YES;
				CLANG_WARN_EMPTY_BODY = YES;
				CLANG_WARN_ENUM_CONVERSION = YES;
				CLANG_WARN_INFINITE_RECURSION = YES;
				CLANG_WARN_INT_CONVERSION = YES;
				CLANG_WARN_NON_LITERAL_NULL_CONVERSION = YES;
				CLANG_WARN_OBJC_IMPLICIT_RETAIN_SELF = YES;
				CLANG_WARN_OBJC_LITERAL_CONVERSION = YES;
				CLANG_WARN_OBJC_ROOT_CLASS = YES_ERROR;
				CLANG_WARN_QUOTED_INCLUDE_IN_FRAMEWORK_HEADER = YES;
				CLANG_WARN_RANGE_LOOP_ANALYSIS = YES;
				CLANG_WARN_STRICT_PROTOTYPES = YES;
				CLANG_WARN_SUSPICIOUS_MOVE = YES;
				CLANG_WARN_UNGUARDED_AVAILABILITY = YES_AGGRESSIVE;
				CLANG_WARN_UNREACHABLE_CODE = YES;
				CLANG_WARN__DUPLICATE_METHOD_MATCH = YES;
				COPY_PHASE_STRIP = NO;
				DEBUG_INFORMATION_FORMAT = "dwarf-with-dsym";
				ENABLE_NS_ASSERTIONS = NO;
				ENABLE_STRICT_OBJC_MSGSEND = YES;
				GCC_C_LANGUAGE_STANDARD = gnu11;
				GCC_NO_COMMON_BLOCKS = YES;
				GCC_WARN_64_TO_32_BIT_CONVERSION = YES;
				GCC_WARN_ABOUT_RETURN_TYPE = YES_ERROR;
				GCC_WARN_UNDECLARED_SELECTOR = YES;
				GCC_WARN_UNINITIALIZED_AUTOS = YES_AGGRESSIVE;
				GCC_WARN_UNUSED_FUNCTION = YES;
				GCC_WARN_UNUSED_VARIABLE = YES;
				IPHONEOS_DEPLOYMENT_TARGET = 16.0;
				MTL_ENABLE_DEBUG_INFO = NO;
				MTL_FAST_MATH = YES;
				SDKROOT = iphoneos;
				SWIFT_COMPILATION_MODE = wholemodule;
				SWIFT_OPTIMIZATION_LEVEL = "-O";
				VALIDATE_PRODUCT = YES;
			};
			name = Release;
		};
		5745C35528FB443A00686918 /* Debug */ = {
			isa = XCBuildConfiguration;
			buildSettings = {
				ASSETCATALOG_COMPILER_APPICON_NAME = AppIcon;
				ASSETCATALOG_COMPILER_GLOBAL_ACCENT_COLOR_NAME = AccentColor;
				CODE_SIGN_STYLE = Automatic;
				CURRENT_PROJECT_VERSION = 100;
				DEVELOPMENT_ASSET_PATHS = "\"Voting/Preview Content\"";
				DEVELOPMENT_TEAM = 358WHQF94W;
				ENABLE_PREVIEWS = YES;
				GENERATE_INFOPLIST_FILE = YES;
				INFOPLIST_KEY_UIApplicationSceneManifest_Generation = YES;
				INFOPLIST_KEY_UIApplicationSupportsIndirectInputEvents = YES;
				INFOPLIST_KEY_UILaunchScreen_Generation = YES;
				INFOPLIST_KEY_UISupportedInterfaceOrientations = UIInterfaceOrientationPortrait;
				INFOPLIST_KEY_UISupportedInterfaceOrientations_iPad = "UIInterfaceOrientationLandscapeLeft UIInterfaceOrientationLandscapeRight UIInterfaceOrientationPortrait UIInterfaceOrientationPortraitUpsideDown";
				IPHONEOS_DEPLOYMENT_TARGET = 16.0;
				LD_RUNPATH_SEARCH_PATHS = (
					"$(inherited)",
					"@executable_path/Frameworks",
				);
				MARKETING_VERSION = 0.1;
				PRODUCT_BUNDLE_IDENTIFIER = hu.purzelbaum.Voting;
				PRODUCT_NAME = "$(TARGET_NAME)";
				SWIFT_EMIT_LOC_STRINGS = YES;
				SWIFT_VERSION = 5.0;
				TARGETED_DEVICE_FAMILY = "1,2";
			};
			name = Debug;
		};
		5745C35628FB443A00686918 /* Release */ = {
			isa = XCBuildConfiguration;
			buildSettings = {
				ASSETCATALOG_COMPILER_APPICON_NAME = AppIcon;
				ASSETCATALOG_COMPILER_GLOBAL_ACCENT_COLOR_NAME = AccentColor;
				CODE_SIGN_STYLE = Automatic;
				CURRENT_PROJECT_VERSION = 100;
				DEVELOPMENT_ASSET_PATHS = "\"Voting/Preview Content\"";
				DEVELOPMENT_TEAM = 358WHQF94W;
				ENABLE_PREVIEWS = YES;
				GENERATE_INFOPLIST_FILE = YES;
				INFOPLIST_KEY_UIApplicationSceneManifest_Generation = YES;
				INFOPLIST_KEY_UIApplicationSupportsIndirectInputEvents = YES;
				INFOPLIST_KEY_UILaunchScreen_Generation = YES;
				INFOPLIST_KEY_UISupportedInterfaceOrientations = UIInterfaceOrientationPortrait;
				INFOPLIST_KEY_UISupportedInterfaceOrientations_iPad = "UIInterfaceOrientationLandscapeLeft UIInterfaceOrientationLandscapeRight UIInterfaceOrientationPortrait UIInterfaceOrientationPortraitUpsideDown";
				IPHONEOS_DEPLOYMENT_TARGET = 16.0;
				LD_RUNPATH_SEARCH_PATHS = (
					"$(inherited)",
					"@executable_path/Frameworks",
				);
				MARKETING_VERSION = 0.1;
				PRODUCT_BUNDLE_IDENTIFIER = hu.purzelbaum.Voting;
				PRODUCT_NAME = "$(TARGET_NAME)";
				SWIFT_EMIT_LOC_STRINGS = YES;
				SWIFT_VERSION = 5.0;
				TARGETED_DEVICE_FAMILY = "1,2";
			};
			name = Release;
		};
/* End XCBuildConfiguration section */

/* Begin XCConfigurationList section */
		5745C34128FB443900686918 /* Build configuration list for PBXProject "Voting" */ = {
			isa = XCConfigurationList;
			buildConfigurations = (
				5745C35228FB443A00686918 /* Debug */,
				5745C35328FB443A00686918 /* Release */,
			);
			defaultConfigurationIsVisible = 0;
			defaultConfigurationName = Release;
		};
		5745C35428FB443A00686918 /* Build configuration list for PBXNativeTarget "Voting" */ = {
			isa = XCConfigurationList;
			buildConfigurations = (
				5745C35528FB443A00686918 /* Debug */,
				5745C35628FB443A00686918 /* Release */,
			);
			defaultConfigurationIsVisible = 0;
			defaultConfigurationName = Release;
		};
/* End XCConfigurationList section */
	};
	rootObject = 5745C33E28FB443900686918 /* Project object */;
}
